
Microsoft Visual Studio Solution File, Format Version 9.00
# Visual Studio 2005
Project("{FAE04EC0-301F-11D3-BF4B-00C04F79EFBC}") = "plants", "plants\plants.csproj", "{0318E65C-FF6D-498A-BAAD-DCE9AEF59F57}"
EndProject
Project("{FAE04EC0-301F-11D3-BF4B-00C04F79EFBC}") = "questions", "questions\questions.csproj", "{F9E44774-20A3-4233-AC4A-F35A7117FAC2}"
EndProject
Global
	GlobalSection(SolutionConfigurationPlatforms) = preSolution
		Debug|Any CPU = Debug|Any CPU
		Release|Any CPU = Release|Any CPU
	EndGlobalSection
	GlobalSection(ProjectConfigurationPlatforms) = postSolution
		{0318E65C-FF6D-498A-BAAD-DCE9AEF59F57}.Debug|Any CPU.ActiveCfg = Debug|Any CPU
		{0318E65C-FF6D-498A-BAAD-DCE9AEF59F57}.Debug|Any CPU.Build.0 = Debug|Any CPU
		{0318E65C-FF6D-498A-BAAD-DCE9AEF59F57}.Release|Any CPU.ActiveCfg = Release|Any CPU
		{0318E65C-FF6D-498A-BAAD-DCE9AEF59F57}.Release|Any CPU.Build.0 = Release|Any CPU
		{F9E44774-20A3-4233-AC4A-F35A7117FAC2}.Debug|Any CPU.ActiveCfg = Debug|Any CPU
		{F9E44774-20A3-4233-AC4A-F35A7117FAC2}.Debug|Any CPU.Build.0 = Debug|Any CPU
		{F9E44774-20A3-4233-AC4A-F35A7117FAC2}.Release|Any CPU.ActiveCfg = Release|Any CPU
		{F9E44774-20A3-4233-AC4A-F35A7117FAC2}.Release|Any CPU.Build.0 = Release|Any CPU
	EndGlobalSection
	GlobalSection(SolutionProperties) = preSolution
		HideSolutionNode = FALSE
	EndGlobalSection
EndGlobal
